// !$*UTF8*$!
{
	archiveVersion = 1;
	classes = {
	};
	objectVersion = 46;
	objects = {

/* Begin PBXBuildFile section */
		A7E72B0C1E01A14C00AC8236 /* AppDelegate.swift in Sources */ = {isa = PBXBuildFile; fileRef = A7E72B0B1E01A14C00AC8236 /* AppDelegate.swift */; };
		A7E72B0F1E01A14C00AC8236 /* hello.xcdatamodeld in Sources */ = {isa = PBXBuildFile; fileRef = A7E72B0D1E01A14C00AC8236 /* hello.xcdatamodeld */; };
		A7E72B111E01A14C00AC8236 /* MasterViewController.swift in Sources */ = {isa = PBXBuildFile; fileRef = A7E72B101E01A14C00AC8236 /* MasterViewController.swift */; };
		A7E72B131E01A14C00AC8236 /* DetailViewController.swift in Sources */ = {isa = PBXBuildFile; fileRef = A7E72B121E01A14C00AC8236 /* DetailViewController.swift */; };
		A7E72B161E01A14C00AC8236 /* Main.storyboard in Resources */ = {isa = PBXBuildFile; fileRef = A7E72B141E01A14C00AC8236 /* Main.storyboard */; };
		A7E72B181E01A14C00AC8236 /* Assets.xcassets in Resources */ = {isa = PBXBuildFile; fileRef = A7E72B171E01A14C00AC8236 /* Assets.xcassets */; };
		A7E72B1B1E01A14C00AC8236 /* LaunchScreen.storyboard in Resources */ = {isa = PBXBuildFile; fileRef = A7E72B191E01A14C00AC8236 /* LaunchScreen.storyboard */; };
		A7E72B261E01A14C00AC8236 /* helloTests.swift in Sources */ = {isa = PBXBuildFile; fileRef = A7E72B251E01A14C00AC8236 /* helloTests.swift */; };
		A7E72B311E01A14C00AC8236 /* helloUITests.swift in Sources */ = {isa = PBXBuildFile; fileRef = A7E72B301E01A14C00AC8236 /* helloUITests.swift */; };
/* End PBXBuildFile section */

/* Begin PBXContainerItemProxy section */
		A7E72B221E01A14C00AC8236 /* PBXContainerItemProxy */ = {
			isa = PBXContainerItemProxy;
			containerPortal = A7E72B001E01A14B00AC8236 /* Project object */;
			proxyType = 1;
			remoteGlobalIDString = A7E72B071E01A14C00AC8236;
			remoteInfo = hello;
		};
		A7E72B2D1E01A14C00AC8236 /* PBXContainerItemProxy */ = {
			isa = PBXContainerItemProxy;
			containerPortal = A7E72B001E01A14B00AC8236 /* Project object */;
			proxyType = 1;
			remoteGlobalIDString = A7E72B071E01A14C00AC8236;
			remoteInfo = hello;
		};
/* End PBXContainerItemProxy section */

/* Begin PBXFileReference section */
		A7E72B081E01A14C00AC8236 /* hello.app */ = {isa = PBXFileReference; explicitFileType = wrapper.application; includeInIndex = 0; path = hello.app; sourceTree = BUILT_PRODUCTS_DIR; };
		A7E72B0B1E01A14C00AC8236 /* AppDelegate.swift */ = {isa = PBXFileReference; lastKnownFileType = sourcecode.swift; path = AppDelegate.swift; sourceTree = "<group>"; };
		A7E72B0E1E01A14C00AC8236 /* hello.xcdatamodel */ = {isa = PBXFileReference; lastKnownFileType = wrapper.xcdatamodel; path = hello.xcdatamodel; sourceTree = "<group>"; };
		A7E72B101E01A14C00AC8236 /* MasterViewController.swift */ = {isa = PBXFileReference; lastKnownFileType = sourcecode.swift; path = MasterViewController.swift; sourceTree = "<group>"; };
		A7E72B121E01A14C00AC8236 /* DetailViewController.swift */ = {isa = PBXFileReference; lastKnownFileType = sourcecode.swift; path = DetailViewController.swift; sourceTree = "<group>"; };
		A7E72B151E01A14C00AC8236 /* Base */ = {isa = PBXFileReference; lastKnownFileType = file.storyboard; name = Base; path = Base.lproj/Main.storyboard; sourceTree = "<group>"; };
		A7E72B171E01A14C00AC8236 /* Assets.xcassets */ = {isa = PBXFileReference; lastKnownFileType = folder.assetcatalog; path = Assets.xcassets; sourceTree = "<group>"; };
		A7E72B1A1E01A14C00AC8236 /* Base */ = {isa = PBXFileReference; lastKnownFileType = file.storyboard; name = Base; path = Base.lproj/LaunchScreen.storyboard; sourceTree = "<group>"; };
		A7E72B1C1E01A14C00AC8236 /* Info.plist */ = {isa = PBXFileReference; lastKnownFileType = text.plist.xml; path = Info.plist; sourceTree = "<group>"; };
		A7E72B211E01A14C00AC8236 /* helloTests.xctest */ = {isa = PBXFileReference; explicitFileType = wrapper.cfbundle; includeInIndex = 0; path = helloTests.xctest; sourceTree = BUILT_PRODUCTS_DIR; };
		A7E72B251E01A14C00AC8236 /* helloTests.swift */ = {isa = PBXFileReference; lastKnownFileType = sourcecode.swift; path = helloTests.swift; sourceTree = "<group>"; };
		A7E72B271E01A14C00AC8236 /* Info.plist */ = {isa = PBXFileReference; lastKnownFileType = text.plist.xml; path = Info.plist; sourceTree = "<group>"; };
		A7E72B2C1E01A14C00AC8236 /* helloUITests.xctest */ = {isa = PBXFileReference; explicitFileType = wrapper.cfbundle; includeInIndex = 0; path = helloUITests.xctest; sourceTree = BUILT_PRODUCTS_DIR; };
		A7E72B301E01A14C00AC8236 /* helloUITests.swift */ = {isa = PBXFileReference; lastKnownFileType = sourcecode.swift; path = helloUITests.swift; sourceTree = "<group>"; };
		A7E72B321E01A14C00AC8236 /* Info.plist */ = {isa = PBXFileReference; lastKnownFileType = text.plist.xml; path = Info.plist; sourceTree = "<group>"; };
/* End PBXFileReference section */

/* Begin PBXFrameworksBuildPhase section */
		A7E72B051E01A14C00AC8236 /* Frameworks */ = {
			isa = PBXFrameworksBuildPhase;
			buildActionMask = 2147483647;
			files = (
			);
			runOnlyForDeploymentPostprocessing = 0;
		};
		A7E72B1E1E01A14C00AC8236 /* Frameworks */ = {
			isa = PBXFrameworksBuildPhase;
			buildActionMask = 2147483647;
			files = (
			);
			runOnlyForDeploymentPostprocessing = 0;
		};
		A7E72B291E01A14C00AC8236 /* Frameworks */ = {
			isa = PBXFrameworksBuildPhase;
			buildActionMask = 2147483647;
			files = (
			);
			runOnlyForDeploymentPostprocessing = 0;
		};
/* End PBXFrameworksBuildPhase section */

/* Begin PBXGroup section */
		A7E72AFF1E01A14B00AC8236 = {
			isa = PBXGroup;
			children = (
				A7E72B0A1E01A14C00AC8236 /* hello */,
				A7E72B241E01A14C00AC8236 /* helloTests */,
				A7E72B2F1E01A14C00AC8236 /* helloUITests */,
				A7E72B091E01A14C00AC8236 /* Products */,
			);
			sourceTree = "<group>";
		};
		A7E72B091E01A14C00AC8236 /* Products */ = {
			isa = PBXGroup;
			children = (
				A7E72B081E01A14C00AC8236 /* hello.app */,
				A7E72B211E01A14C00AC8236 /* helloTests.xctest */,
				A7E72B2C1E01A14C00AC8236 /* helloUITests.xctest */,
			);
			name = Products;
			sourceTree = "<group>";
		};
		A7E72B0A1E01A14C00AC8236 /* hello */ = {
			isa = PBXGroup;
			children = (
				A7E72B0B1E01A14C00AC8236 /* AppDelegate.swift */,
				A7E72B101E01A14C00AC8236 /* MasterViewController.swift */,
				A7E72B121E01A14C00AC8236 /* DetailViewController.swift */,
				A7E72B141E01A14C00AC8236 /* Main.storyboard */,
				A7E72B171E01A14C00AC8236 /* Assets.xcassets */,
				A7E72B191E01A14C00AC8236 /* LaunchScreen.storyboard */,
				A7E72B1C1E01A14C00AC8236 /* Info.plist */,
				A7E72B0D1E01A14C00AC8236 /* hello.xcdatamodeld */,
			);
			path = hello;
			sourceTree = "<group>";
		};
		A7E72B241E01A14C00AC8236 /* helloTests */ = {
			isa = PBXGroup;
			children = (
				A7E72B251E01A14C00AC8236 /* helloTests.swift */,
				A7E72B271E01A14C00AC8236 /* Info.plist */,
			);
			path = helloTests;
			sourceTree = "<group>";
		};
		A7E72B2F1E01A14C00AC8236 /* helloUITests */ = {
			isa = PBXGroup;
			children = (
				A7E72B301E01A14C00AC8236 /* helloUITests.swift */,
				A7E72B321E01A14C00AC8236 /* Info.plist */,
			);
			path = helloUITests;
			sourceTree = "<group>";
		};
/* End PBXGroup section */

/* Begin PBXNativeTarget section */
		A7E72B071E01A14C00AC8236 /* hello */ = {
			isa = PBXNativeTarget;
			buildConfigurationList = A7E72B351E01A14C00AC8236 /* Build configuration list for PBXNativeTarget "hello" */;
			buildPhases = (
				A7E72B041E01A14C00AC8236 /* Sources */,
				A7E72B051E01A14C00AC8236 /* Frameworks */,
				A7E72B061E01A14C00AC8236 /* Resources */,
			);
			buildRules = (
			);
			dependencies = (
			);
			name = hello;
			productName = hello;
			productReference = A7E72B081E01A14C00AC8236 /* hello.app */;
			productType = "com.apple.product-type.application";
		};
		A7E72B201E01A14C00AC8236 /* helloTests */ = {
			isa = PBXNativeTarget;
			buildConfigurationList = A7E72B381E01A14C00AC8236 /* Build configuration list for PBXNativeTarget "helloTests" */;
			buildPhases = (
				A7E72B1D1E01A14C00AC8236 /* Sources */,
				A7E72B1E1E01A14C00AC8236 /* Frameworks */,
				A7E72B1F1E01A14C00AC8236 /* Resources */,
			);
			buildRules = (
			);
			dependencies = (
				A7E72B231E01A14C00AC8236 /* PBXTargetDependency */,
			);
			name = helloTests;
			productName = helloTests;
			productReference = A7E72B211E01A14C00AC8236 /* helloTests.xctest */;
			productType = "com.apple.product-type.bundle.unit-test";
		};
		A7E72B2B1E01A14C00AC8236 /* helloUITests */ = {
			isa = PBXNativeTarget;
			buildConfigurationList = A7E72B3B1E01A14C00AC8236 /* Build configuration list for PBXNativeTarget "helloUITests" */;
			buildPhases = (
				A7E72B281E01A14C00AC8236 /* Sources */,
				A7E72B291E01A14C00AC8236 /* Frameworks */,
				A7E72B2A1E01A14C00AC8236 /* Resources */,
			);
			buildRules = (
			);
			dependencies = (
				A7E72B2E1E01A14C00AC8236 /* PBXTargetDependency */,
			);
			name = helloUITests;
			productName = helloUITests;
			productReference = A7E72B2C1E01A14C00AC8236 /* helloUITests.xctest */;
			productType = "com.apple.product-type.bundle.ui-testing";
		};
/* End PBXNativeTarget section */

/* Begin PBXProject section */
		A7E72B001E01A14B00AC8236 /* Project object */ = {
			isa = PBXProject;
			attributes = {
				LastSwiftUpdateCheck = 0730;
				LastUpgradeCheck = 0730;
				ORGANIZATIONNAME = erick;
				TargetAttributes = {
					A7E72B071E01A14C00AC8236 = {
						CreatedOnToolsVersion = 7.3.1;
					};
					A7E72B201E01A14C00AC8236 = {
						CreatedOnToolsVersion = 7.3.1;
						TestTargetID = A7E72B071E01A14C00AC8236;
					};
					A7E72B2B1E01A14C00AC8236 = {
						CreatedOnToolsVersion = 7.3.1;
						TestTargetID = A7E72B071E01A14C00AC8236;
					};
				};
			};
			buildConfigurationList = A7E72B031E01A14B00AC8236 /* Build configuration list for PBXProject "hello" */;
			compatibilityVersion = "Xcode 3.2";
			developmentRegion = English;
			hasScannedForEncodings = 0;
			knownRegions = (
				en,
				Base,
			);
			mainGroup = A7E72AFF1E01A14B00AC8236;
			productRefGroup = A7E72B091E01A14C00AC8236 /* Products */;
			projectDirPath = "";
			projectRoot = "";
			targets = (
				A7E72B071E01A14C00AC8236 /* hello */,
				A7E72B201E01A14C00AC8236 /* helloTests */,
				A7E72B2B1E01A14C00AC8236 /* helloUITests */,
			);
		};
/* End PBXProject section */

/* Begin PBXResourcesBuildPhase section */
		A7E72B061E01A14C00AC8236 /* Resources */ = {
			isa = PBXResourcesBuildPhase;
			buildActionMask = 2147483647;
			files = (
				A7E72B1B1E01A14C00AC8236 /* LaunchScreen.storyboard in Resources */,
				A7E72B181E01A14C00AC8236 /* Assets.xcassets in Resources */,
				A7E72B161E01A14C00AC8236 /* Main.storyboard in Resources */,
			);
			runOnlyForDeploymentPostprocessing = 0;
		};
		A7E72B1F1E01A14C00AC8236 /* Resources */ = {
			isa = PBXResourcesBuildPhase;
			buildActionMask = 2147483647;
			files = (
			);
			runOnlyForDeploymentPostprocessing = 0;
		};
		A7E72B2A1E01A14C00AC8236 /* Resources */ = {
			isa = PBXResourcesBuildPhase;
			buildActionMask = 2147483647;
			files = (
			);
			runOnlyForDeploymentPostprocessing = 0;
		};
/* End PBXResourcesBuildPhase section */

/* Begin PBXSourcesBuildPhase section */
		A7E72B041E01A14C00AC8236 /* Sources */ = {
			isa = PBXSourcesBuildPhase;
			buildActionMask = 2147483647;
			files = (
				A7E72B0F1E01A14C00AC8236 /* hello.xcdatamodeld in Sources */,
				A7E72B0C1E01A14C00AC8236 /* AppDelegate.swift in Sources */,
				A7E72B111E01A14C00AC8236 /* MasterViewController.swift in Sources */,
				A7E72B131E01A14C00AC8236 /* DetailViewController.swift in Sources */,
			);
			runOnlyForDeploymentPostprocessing = 0;
		};
		A7E72B1D1E01A14C00AC8236 /* Sources */ = {
			isa = PBXSourcesBuildPhase;
			buildActionMask = 2147483647;
			files = (
				A7E72B261E01A14C00AC8236 /* helloTests.swift in Sources */,
			);
			runOnlyForDeploymentPostprocessing = 0;
		};
		A7E72B281E01A14C00AC8236 /* Sources */ = {
			isa = PBXSourcesBuildPhase;
			buildActionMask = 2147483647;
			files = (
				A7E72B311E01A14C00AC8236 /* helloUITests.swift in Sources */,
			);
			runOnlyForDeploymentPostprocessing = 0;
		};
/* End PBXSourcesBuildPhase section */

/* Begin PBXTargetDependency section */
		A7E72B231E01A14C00AC8236 /* PBXTargetDependency */ = {
			isa = PBXTargetDependency;
			target = A7E72B071E01A14C00AC8236 /* hello */;
			targetProxy = A7E72B221E01A14C00AC8236 /* PBXContainerItemProxy */;
		};
		A7E72B2E1E01A14C00AC8236 /* PBXTargetDependency */ = {
			isa = PBXTargetDependency;
			target = A7E72B071E01A14C00AC8236 /* hello */;
			targetProxy = A7E72B2D1E01A14C00AC8236 /* PBXContainerItemProxy */;
		};
/* End PBXTargetDependency section */

/* Begin PBXVariantGroup section */
		A7E72B141E01A14C00AC8236 /* Main.storyboard */ = {
			isa = PBXVariantGroup;
			children = (
				A7E72B151E01A14C00AC8236 /* Base */,
			);
			name = Main.storyboard;
			sourceTree = "<group>";
		};
		A7E72B191E01A14C00AC8236 /* LaunchScreen.storyboard */ = {
			isa = PBXVariantGroup;
			children = (
				A7E72B1A1E01A14C00AC8236 /* Base */,
			);
			name = LaunchScreen.storyboard;
			sourceTree = "<group>";
		};
/* End PBXVariantGroup section */

/* Begin XCBuildConfiguration section */
		A7E72B331E01A14C00AC8236 /* Debug */ = {
			isa = XCBuildConfiguration;
			buildSettings = {
				ALWAYS_SEARCH_USER_PATHS = NO;
				CLANG_ANALYZER_NONNULL = YES;
				CLANG_CXX_LANGUAGE_STANDARD = "gnu++0x";
				CLANG_CXX_LIBRARY = "libc++";
				CLANG_ENABLE_MODULES = YES;
				CLANG_ENABLE_OBJC_ARC = YES;
				CLANG_WARN_BOOL_CONVERSION = YES;
				CLANG_WARN_CONSTANT_CONVERSION = YES;
				CLANG_WARN_DIRECT_OBJC_ISA_USAGE = YES_ERROR;
				CLANG_WARN_EMPTY_BODY = YES;
				CLANG_WARN_ENUM_CONVERSION = YES;
				CLANG_WARN_INT_CONVERSION = YES;
				CLANG_WARN_OBJC_ROOT_CLASS = YES_ERROR;
				CLANG_WARN_UNREACHABLE_CODE = YES;
				CLANG_WARN__DUPLICATE_METHOD_MATCH = YES;
				"CODE_SIGN_IDENTITY[sdk=iphoneos*]" = "iPhone Developer";
				COPY_PHASE_STRIP = NO;
				DEBUG_INFORMATION_FORMAT = dwarf;
				ENABLE_STRICT_OBJC_MSGSEND = YES;
				ENABLE_TESTABILITY = YES;
				GCC_C_LANGUAGE_STANDARD = gnu99;
				GCC_DYNAMIC_NO_PIC = NO;
				GCC_NO_COMMON_BLOCKS = YES;
				GCC_OPTIMIZATION_LEVEL = 0;
				GCC_PREPROCESSOR_DEFINITIONS = (
					"DEBUG=1",
					"$(inherited)",
				);
				GCC_WARN_64_TO_32_BIT_CONVERSION = YES;
				GCC_WARN_ABOUT_RETURN_TYPE = YES_ERROR;
				GCC_WARN_UNDECLARED_SELECTOR = YES;
				GCC_WARN_UNINITIALIZED_AUTOS = YES_AGGRESSIVE;
				GCC_WARN_UNUSED_FUNCTION = YES;
				GCC_WARN_UNUSED_VARIABLE = YES;
				IPHONEOS_DEPLOYMENT_TARGET = 9.3;
				MTL_ENABLE_DEBUG_INFO = YES;
				ONLY_ACTIVE_ARCH = YES;
				SDKROOT = iphoneos;
				SWIFT_OPTIMIZATION_LEVEL = "-Onone";
				TARGETED_DEVICE_FAMILY = "1,2";
			};
			name = Debug;
		};
		A7E72B341E01A14C00AC8236 /* Release */ = {
			isa = XCBuildConfiguration;
			buildSettings = {
				ALWAYS_SEARCH_USER_PATHS = NO;
				CLANG_ANALYZER_NONNULL = YES;
				CLANG_CXX_LANGUAGE_STANDARD = "gnu++0x";
				CLANG_CXX_LIBRARY = "libc++";
				CLANG_ENABLE_MODULES = YES;
				CLANG_ENABLE_OBJC_ARC = YES;
				CLANG_WARN_BOOL_CONVERSION = YES;
				CLANG_WARN_CONSTANT_CONVERSION = YES;
				CLANG_WARN_DIRECT_OBJC_ISA_USAGE = YES_ERROR;
				CLANG_WARN_EMPTY_BODY = YES;
				CLANG_WARN_ENUM_CONVERSION = YES;
				CLANG_WARN_INT_CONVERSION = YES;
				CLANG_WARN_OBJC_ROOT_CLASS = YES_ERROR;
				CLANG_WARN_UNREACHABLE_CODE = YES;
				CLANG_WARN__DUPLICATE_METHOD_MATCH = YES;
				"CODE_SIGN_IDENTITY[sdk=iphoneos*]" = "iPhone Developer";
				COPY_PHASE_STRIP = NO;
				DEBUG_INFORMATION_FORMAT = "dwarf-with-dsym";
				ENABLE_NS_ASSERTIONS = NO;
				ENABLE_STRICT_OBJC_MSGSEND = YES;
				GCC_C_LANGUAGE_STANDARD = gnu99;
				GCC_NO_COMMON_BLOCKS = YES;
				GCC_WARN_64_TO_32_BIT_CONVERSION = YES;
				GCC_WARN_ABOUT_RETURN_TYPE = YES_ERROR;
				GCC_WARN_UNDECLARED_SELECTOR = YES;
				GCC_WARN_UNINITIALIZED_AUTOS = YES_AGGRESSIVE;
				GCC_WARN_UNUSED_FUNCTION = YES;
				GCC_WARN_UNUSED_VARIABLE = YES;
				IPHONEOS_DEPLOYMENT_TARGET = 9.3;
				MTL_ENABLE_DEBUG_INFO = NO;
				SDKROOT = iphoneos;
				TARGETED_DEVICE_FAMILY = "1,2";
				VALIDATE_PRODUCT = YES;
			};
			name = Release;
		};
		A7E72B361E01A14C00AC8236 /* Debug */ = {
			isa = XCBuildConfiguration;
			buildSettings = {
				ASSETCATALOG_COMPILER_APPICON_NAME = AppIcon;
				INFOPLIST_FILE = hello/Info.plist;
				LD_RUNPATH_SEARCH_PATHS = "$(inherited) @executable_path/Frameworks";
				PRODUCT_BUNDLE_IDENTIFIER = "com.ibm-cic.hello";
				PRODUCT_NAME = "$(TARGET_NAME)";
			};
			name = Debug;
		};
		A7E72B371E01A14C00AC8236 /* Release */ = {
			isa = XCBuildConfiguration;
			buildSettings = {
				ASSETCATALOG_COMPILER_APPICON_NAME = AppIcon;
				INFOPLIST_FILE = hello/Info.plist;
				LD_RUNPATH_SEARCH_PATHS = "$(inherited) @executable_path/Frameworks";
				PRODUCT_BUNDLE_IDENTIFIER = "com.ibm-cic.hello";
				PRODUCT_NAME = "$(TARGET_NAME)";
			};
			name = Release;
		};
		A7E72B391E01A14C00AC8236 /* Debug */ = {
			isa = XCBuildConfiguration;
			buildSettings = {
				BUNDLE_LOADER = "$(TEST_HOST)";
				INFOPLIST_FILE = helloTests/Info.plist;
				LD_RUNPATH_SEARCH_PATHS = "$(inherited) @executable_path/Frameworks @loader_path/Frameworks";
				PRODUCT_BUNDLE_IDENTIFIER = "com.ibm-cic.helloTests";
				PRODUCT_NAME = "$(TARGET_NAME)";
				TEST_HOST = "$(BUILT_PRODUCTS_DIR)/hello.app/hello";
			};
			name = Debug;
		};
		A7E72B3A1E01A14C00AC8236 /* Release */ = {
			isa = XCBuildConfiguration;
			buildSettings = {
				BUNDLE_LOADER = "$(TEST_HOST)";
				INFOPLIST_FILE = helloTests/Info.plist;
				LD_RUNPATH_SEARCH_PATHS = "$(inherited) @executable_path/Frameworks @loader_path/Frameworks";
				PRODUCT_BUNDLE_IDENTIFIER = "com.ibm-cic.helloTests";
				PRODUCT_NAME = "$(TARGET_NAME)";
				TEST_HOST = "$(BUILT_PRODUCTS_DIR)/hello.app/hello";
			};
			name = Release;
		};
		A7E72B3C1E01A14C00AC8236 /* Debug */ = {
			isa = XCBuildConfiguration;
			buildSettings = {
				INFOPLIST_FILE = helloUITests/Info.plist;
				LD_RUNPATH_SEARCH_PATHS = "$(inherited) @executable_path/Frameworks @loader_path/Frameworks";
				PRODUCT_BUNDLE_IDENTIFIER = "com.ibm-cic.helloUITests";
				PRODUCT_NAME = "$(TARGET_NAME)";
				TEST_TARGET_NAME = hello;
			};
			name = Debug;
		};
		A7E72B3D1E01A14C00AC8236 /* Release */ = {
			isa = XCBuildConfiguration;
			buildSettings = {
				INFOPLIST_FILE = helloUITests/Info.plist;
				LD_RUNPATH_SEARCH_PATHS = "$(inherited) @executable_path/Frameworks @loader_path/Frameworks";
				PRODUCT_BUNDLE_IDENTIFIER = "com.ibm-cic.helloUITests";
				PRODUCT_NAME = "$(TARGET_NAME)";
				TEST_TARGET_NAME = hello;
			};
			name = Release;
		};
/* End XCBuildConfiguration section */

/* Begin XCConfigurationList section */
		A7E72B031E01A14B00AC8236 /* Build configuration list for PBXProject "hello" */ = {
			isa = XCConfigurationList;
			buildConfigurations = (
				A7E72B331E01A14C00AC8236 /* Debug */,
				A7E72B341E01A14C00AC8236 /* Release */,
			);
			defaultConfigurationIsVisible = 0;
			defaultConfigurationName = Release;
		};
		A7E72B351E01A14C00AC8236 /* Build configuration list for PBXNativeTarget "hello" */ = {
			isa = XCConfigurationList;
			buildConfigurations = (
				A7E72B361E01A14C00AC8236 /* Debug */,
				A7E72B371E01A14C00AC8236 /* Release */,
			);
			defaultConfigurationIsVisible = 0;
		};
		A7E72B381E01A14C00AC8236 /* Build configuration list for PBXNativeTarget "helloTests" */ = {
			isa = XCConfigurationList;
			buildConfigurations = (
				A7E72B391E01A14C00AC8236 /* Debug */,
				A7E72B3A1E01A14C00AC8236 /* Release */,
			);
			defaultConfigurationIsVisible = 0;
		};
		A7E72B3B1E01A14C00AC8236 /* Build configuration list for PBXNativeTarget "helloUITests" */ = {
			isa = XCConfigurationList;
			buildConfigurations = (
				A7E72B3C1E01A14C00AC8236 /* Debug */,
				A7E72B3D1E01A14C00AC8236 /* Release */,
			);
			defaultConfigurationIsVisible = 0;
		};
/* End XCConfigurationList section */

/* Begin XCVersionGroup section */
		A7E72B0D1E01A14C00AC8236 /* hello.xcdatamodeld */ = {
			isa = XCVersionGroup;
			children = (
				A7E72B0E1E01A14C00AC8236 /* hello.xcdatamodel */,
			);
			currentVersion = A7E72B0E1E01A14C00AC8236 /* hello.xcdatamodel */;
			path = hello.xcdatamodeld;
			sourceTree = "<group>";
			versionGroupType = wrapper.xcdatamodel;
		};
/* End XCVersionGroup section */
	};
	rootObject = A7E72B001E01A14B00AC8236 /* Project object */;
}
